
Microsoft Visual Studio Solution File, Format Version 12.00
# Visual Studio 2013
VisualStudioVersion = 12.0.31101.0
MinimumVisualStudioVersion = 10.0.40219.1
Project("{2150E333-8FDC-42A3-9474-1A3956D46DE8}") = "Business", "Business", "{0FD6D33D-433A-40D3-AB9F-500FC3DBA79A}"
EndProject
Project("{2150E333-8FDC-42A3-9474-1A3956D46DE8}") = "Presentation", "Presentation", "{66E1765E-5D95-43D7-BA66-07F19DC7EAA4}"
EndProject
Project("{FAE04EC0-301F-11D3-BF4B-00C04F79EFBC}") = "SistemaAcademico.Business.WebApi", "SistemaAcademico.Business.WebApi\SistemaAcademico.Business.WebApi.csproj", "{D090551D-D476-4919-8090-ACBF8B4F639B}"
EndProject
Global
	GlobalSection(SolutionConfigurationPlatforms) = preSolution
		Debug|Any CPU = Debug|Any CPU
		Release|Any CPU = Release|Any CPU
	EndGlobalSection
	GlobalSection(ProjectConfigurationPlatforms) = postSolution
		{D090551D-D476-4919-8090-ACBF8B4F639B}.Debug|Any CPU.ActiveCfg = Debug|Any CPU
		{D090551D-D476-4919-8090-ACBF8B4F639B}.Debug|Any CPU.Build.0 = Debug|Any CPU
		{D090551D-D476-4919-8090-ACBF8B4F639B}.Release|Any CPU.ActiveCfg = Release|Any CPU
		{D090551D-D476-4919-8090-ACBF8B4F639B}.Release|Any CPU.Build.0 = Release|Any CPU
	EndGlobalSection
	GlobalSection(SolutionProperties) = preSolution
		HideSolutionNode = FALSE
	EndGlobalSection
	GlobalSection(NestedProjects) = preSolution
		{D090551D-D476-4919-8090-ACBF8B4F639B} = {0FD6D33D-433A-40D3-AB9F-500FC3DBA79A}
	EndGlobalSection
EndGlobal
